
Microsoft Visual Studio Solution File, Format Version 12.00
# Visual Studio 15
VisualStudioVersion = 15.0.28307.757
MinimumVisualStudioVersion = 10.0.40219.1
Project("{FAE04EC0-301F-11D3-BF4B-00C04F79EFBC}") = "WebApi", "WebApi\WebApi.csproj", "{779DC0DE-E4AC-4851-87B2-FB7C058A7DCD}"
EndProject
Global
	GlobalSection(SolutionConfigurationPlatforms) = preSolution
		Debug|Any CPU = Debug|Any CPU
		Release|Any CPU = Release|Any CPU
	EndGlobalSection
	GlobalSection(ProjectConfigurationPlatforms) = postSolution
		{779DC0DE-E4AC-4851-87B2-FB7C058A7DCD}.Debug|Any CPU.ActiveCfg = Debug|Any CPU
		{779DC0DE-E4AC-4851-87B2-FB7C058A7DCD}.Debug|Any CPU.Build.0 = Debug|Any CPU
		{779DC0DE-E4AC-4851-87B2-FB7C058A7DCD}.Release|Any CPU.ActiveCfg = Release|Any CPU
		{779DC0DE-E4AC-4851-87B2-FB7C058A7DCD}.Release|Any CPU.Build.0 = Release|Any CPU
	EndGlobalSection
	GlobalSection(SolutionProperties) = preSolution
		HideSolutionNode = FALSE
	EndGlobalSection
	GlobalSection(ExtensibilityGlobals) = postSolution
		SolutionGuid = {414A5F4E-974B-4AAF-A48D-D5BCAC45FA00}
	EndGlobalSection
EndGlobal
